
Microsoft Visual Studio Solution File, Format Version 12.00
# Visual Studio Version 17
VisualStudioVersion = 17.3.32714.290
MinimumVisualStudioVersion = 10.0.40219.1
Project("{9A19103F-16F7-4668-BE54-9A1E7A4F7556}") = "Framework.Abstraction.Persistence", "Framework.Abstraction.Persistence\Framework.Abstraction.Persistence\Framework.Abstraction.Persistence.csproj", "{351984EF-3C9F-4C7C-9D59-5F01B763589E}"
EndProject
Project("{9A19103F-16F7-4668-BE54-9A1E7A4F7556}") = "Framework.Persistence.EFCore.SqlServer", "Framework.Persistence.EFCore.SqlServer\Framework.Persistence.EFCore.SqlServer\Framework.Persistence.EFCore.SqlServer.csproj", "{672D0DAC-FEB5-463D-B909-37143CB874EA}"
EndProject
Project("{9A19103F-16F7-4668-BE54-9A1E7A4F7556}") = "Framework.Persistence.EFCore", "Framework.Persistence.EFCore\Framework.Persistence.EFCore\Framework.Persistence.EFCore.csproj", "{4AD34FE4-1940-424F-8559-D76C7441CF26}"
EndProject
Project("{9A19103F-16F7-4668-BE54-9A1E7A4F7556}") = "Framework.Persistence.EFCore.Postgres", "Framework.Persistence.EFCore.Postgres\Framework.Persistence.EFCore.Postgres\Framework.Persistence.EFCore.Postgres.csproj", "{38B968DB-122F-4F52-992F-8B09055B3C6A}"
EndProject
Project("{9A19103F-16F7-4668-BE54-9A1E7A4F7556}") = "Framework.Persistence.MongoDB", "Framework.Persistence.MongoDB\Framework.Persistence.MongoDB\Framework.Persistence.MongoDB.csproj", "{F906DBAE-3DCF-4A44-B053-A1508EDDE285}"
EndProject
Project("{9A19103F-16F7-4668-BE54-9A1E7A4F7556}") = "Framework.Abstraction.Types", "Framework.Abstraction.Types\Framework.Abstraction.Types.csproj", "{F0B99B02-4FEB-47DA-9882-02C633CEDA18}"
EndProject
Project("{9A19103F-16F7-4668-BE54-9A1E7A4F7556}") = "Framework.Abstraction.DependencyInjection", "Framework.Abstraction.DependencyInjection\Framework.Abstraction.DependencyInjection\Framework.Abstraction.DependencyInjection.csproj", "{5F17CA41-243C-4EC1-8D7F-C9CFE57A9A9E}"
EndProject
Project("{9A19103F-16F7-4668-BE54-9A1E7A4F7556}") = "Framework.DependencyInjection", "Framework.DependencyInjection\Framework.DependencyInjection.csproj", "{46994742-120D-48A8-81A3-7D5BAE550A4D}"
EndProject
Project("{FAE04EC0-301F-11D3-BF4B-00C04F79EFBC}") = "Framework.Domain", "Framework.Domain\Framework.Domain.csproj", "{5EFFDCC7-B11A-4BF0-844B-BD019A79D34A}"
EndProject
Project("{FAE04EC0-301F-11D3-BF4B-00C04F79EFBC}") = "Framework.Abstraction.Persistence.EventStore", "Framework.Abstraction.Persistence.EventStore\Framework.Abstraction.Persistence.EventStore\Framework.Abstraction.Persistence.EventStore.csproj", "{BC3CD64A-5500-429E-9C29-8B23BEA120C9}"
EndProject
Project("{FAE04EC0-301F-11D3-BF4B-00C04F79EFBC}") = "Framework.Persistence.EventStore", "Framework.Persistence.EventStore\Framework.Persistence.EventStore\Framework.Persistence.EventStore.csproj", "{B8E28FC4-5CB7-452B-977A-CC5ECD2946FF}"
EndProject
Project("{FAE04EC0-301F-11D3-BF4B-00C04F79EFBC}") = "Framework.Serialization.Event", "Framework.Serialization.Event\Framework.Serialization.Event.csproj", "{94DC17E4-12DA-4E33-9CB6-D49B072EF380}"
EndProject
Global
	GlobalSection(SolutionConfigurationPlatforms) = preSolution
		Debug|Any CPU = Debug|Any CPU
		Release|Any CPU = Release|Any CPU
	EndGlobalSection
	GlobalSection(ProjectConfigurationPlatforms) = postSolution
		{351984EF-3C9F-4C7C-9D59-5F01B763589E}.Debug|Any CPU.ActiveCfg = Debug|Any CPU
		{351984EF-3C9F-4C7C-9D59-5F01B763589E}.Debug|Any CPU.Build.0 = Debug|Any CPU
		{351984EF-3C9F-4C7C-9D59-5F01B763589E}.Release|Any CPU.ActiveCfg = Release|Any CPU
		{351984EF-3C9F-4C7C-9D59-5F01B763589E}.Release|Any CPU.Build.0 = Release|Any CPU
		{672D0DAC-FEB5-463D-B909-37143CB874EA}.Debug|Any CPU.ActiveCfg = Debug|Any CPU
		{672D0DAC-FEB5-463D-B909-37143CB874EA}.Debug|Any CPU.Build.0 = Debug|Any CPU
		{672D0DAC-FEB5-463D-B909-37143CB874EA}.Release|Any CPU.ActiveCfg = Release|Any CPU
		{672D0DAC-FEB5-463D-B909-37143CB874EA}.Release|Any CPU.Build.0 = Release|Any CPU
		{4AD34FE4-1940-424F-8559-D76C7441CF26}.Debug|Any CPU.ActiveCfg = Debug|Any CPU
		{4AD34FE4-1940-424F-8559-D76C7441CF26}.Debug|Any CPU.Build.0 = Debug|Any CPU
		{4AD34FE4-1940-424F-8559-D76C7441CF26}.Release|Any CPU.ActiveCfg = Release|Any CPU
		{4AD34FE4-1940-424F-8559-D76C7441CF26}.Release|Any CPU.Build.0 = Release|Any CPU
		{38B968DB-122F-4F52-992F-8B09055B3C6A}.Debug|Any CPU.ActiveCfg = Debug|Any CPU
		{38B968DB-122F-4F52-992F-8B09055B3C6A}.Debug|Any CPU.Build.0 = Debug|Any CPU
		{38B968DB-122F-4F52-992F-8B09055B3C6A}.Release|Any CPU.ActiveCfg = Release|Any CPU
		{38B968DB-122F-4F52-992F-8B09055B3C6A}.Release|Any CPU.Build.0 = Release|Any CPU
		{F906DBAE-3DCF-4A44-B053-A1508EDDE285}.Debug|Any CPU.ActiveCfg = Debug|Any CPU
		{F906DBAE-3DCF-4A44-B053-A1508EDDE285}.Debug|Any CPU.Build.0 = Debug|Any CPU
		{F906DBAE-3DCF-4A44-B053-A1508EDDE285}.Release|Any CPU.ActiveCfg = Release|Any CPU
		{F906DBAE-3DCF-4A44-B053-A1508EDDE285}.Release|Any CPU.Build.0 = Release|Any CPU
		{F0B99B02-4FEB-47DA-9882-02C633CEDA18}.Debug|Any CPU.ActiveCfg = Debug|Any CPU
		{F0B99B02-4FEB-47DA-9882-02C633CEDA18}.Debug|Any CPU.Build.0 = Debug|Any CPU
		{F0B99B02-4FEB-47DA-9882-02C633CEDA18}.Release|Any CPU.ActiveCfg = Release|Any CPU
		{F0B99B02-4FEB-47DA-9882-02C633CEDA18}.Release|Any CPU.Build.0 = Release|Any CPU
		{5F17CA41-243C-4EC1-8D7F-C9CFE57A9A9E}.Debug|Any CPU.ActiveCfg = Debug|Any CPU
		{5F17CA41-243C-4EC1-8D7F-C9CFE57A9A9E}.Debug|Any CPU.Build.0 = Debug|Any CPU
		{5F17CA41-243C-4EC1-8D7F-C9CFE57A9A9E}.Release|Any CPU.ActiveCfg = Release|Any CPU
		{5F17CA41-243C-4EC1-8D7F-C9CFE57A9A9E}.Release|Any CPU.Build.0 = Release|Any CPU
		{46994742-120D-48A8-81A3-7D5BAE550A4D}.Debug|Any CPU.ActiveCfg = Debug|Any CPU
		{46994742-120D-48A8-81A3-7D5BAE550A4D}.Debug|Any CPU.Build.0 = Debug|Any CPU
		{46994742-120D-48A8-81A3-7D5BAE550A4D}.Release|Any CPU.ActiveCfg = Release|Any CPU
		{46994742-120D-48A8-81A3-7D5BAE550A4D}.Release|Any CPU.Build.0 = Release|Any CPU
		{5EFFDCC7-B11A-4BF0-844B-BD019A79D34A}.Debug|Any CPU.ActiveCfg = Debug|Any CPU
		{5EFFDCC7-B11A-4BF0-844B-BD019A79D34A}.Debug|Any CPU.Build.0 = Debug|Any CPU
		{5EFFDCC7-B11A-4BF0-844B-BD019A79D34A}.Release|Any CPU.ActiveCfg = Release|Any CPU
		{5EFFDCC7-B11A-4BF0-844B-BD019A79D34A}.Release|Any CPU.Build.0 = Release|Any CPU
		{BC3CD64A-5500-429E-9C29-8B23BEA120C9}.Debug|Any CPU.ActiveCfg = Debug|Any CPU
		{BC3CD64A-5500-429E-9C29-8B23BEA120C9}.Debug|Any CPU.Build.0 = Debug|Any CPU
		{BC3CD64A-5500-429E-9C29-8B23BEA120C9}.Release|Any CPU.ActiveCfg = Release|Any CPU
		{BC3CD64A-5500-429E-9C29-8B23BEA120C9}.Release|Any CPU.Build.0 = Release|Any CPU
		{B8E28FC4-5CB7-452B-977A-CC5ECD2946FF}.Debug|Any CPU.ActiveCfg = Debug|Any CPU
		{B8E28FC4-5CB7-452B-977A-CC5ECD2946FF}.Debug|Any CPU.Build.0 = Debug|Any CPU
		{B8E28FC4-5CB7-452B-977A-CC5ECD2946FF}.Release|Any CPU.ActiveCfg = Release|Any CPU
		{B8E28FC4-5CB7-452B-977A-CC5ECD2946FF}.Release|Any CPU.Build.0 = Release|Any CPU
		{94DC17E4-12DA-4E33-9CB6-D49B072EF380}.Debug|Any CPU.ActiveCfg = Debug|Any CPU
		{94DC17E4-12DA-4E33-9CB6-D49B072EF380}.Debug|Any CPU.Build.0 = Debug|Any CPU
		{94DC17E4-12DA-4E33-9CB6-D49B072EF380}.Release|Any CPU.ActiveCfg = Release|Any CPU
		{94DC17E4-12DA-4E33-9CB6-D49B072EF380}.Release|Any CPU.Build.0 = Release|Any CPU
	EndGlobalSection
	GlobalSection(SolutionProperties) = preSolution
		HideSolutionNode = FALSE
	EndGlobalSection
	GlobalSection(ExtensibilityGlobals) = postSolution
		SolutionGuid = {CCD68ADF-CCA0-47B5-90CE-EED93684C478}
	EndGlobalSection
EndGlobal
